
Microsoft Visual Studio Solution File, Format Version 12.00
# Visual Studio Version 16
VisualStudioVersion = 16.0.30717.126
MinimumVisualStudioVersion = 10.0.40219.1
Project("{FAE04EC0-301F-11D3-BF4B-00C04F79EFBC}") = "ContactManagerApplication", "ContactManagerApplication\ContactManagerApplication.csproj", "{F61ABCCA-113D-4280-A37A-CB8379AA1ED1}"
EndProject
Global
	GlobalSection(SolutionConfigurationPlatforms) = preSolution
		Debug|Any CPU = Debug|Any CPU
		Release|Any CPU = Release|Any CPU
	EndGlobalSection
	GlobalSection(ProjectConfigurationPlatforms) = postSolution
		{F61ABCCA-113D-4280-A37A-CB8379AA1ED1}.Debug|Any CPU.ActiveCfg = Debug|Any CPU
		{F61ABCCA-113D-4280-A37A-CB8379AA1ED1}.Debug|Any CPU.Build.0 = Debug|Any CPU
		{F61ABCCA-113D-4280-A37A-CB8379AA1ED1}.Release|Any CPU.ActiveCfg = Release|Any CPU
		{F61ABCCA-113D-4280-A37A-CB8379AA1ED1}.Release|Any CPU.Build.0 = Release|Any CPU
	EndGlobalSection
	GlobalSection(SolutionProperties) = preSolution
		HideSolutionNode = FALSE
	EndGlobalSection
	GlobalSection(ExtensibilityGlobals) = postSolution
		SolutionGuid = {94CBD1E2-86DF-49FF-9759-C81DE0977956}
	EndGlobalSection
EndGlobal
